
Microsoft Visual Studio Solution File, Format Version 12.00
# Visual Studio Version 17
VisualStudioVersion = 17.5.33530.505
MinimumVisualStudioVersion = 10.0.40219.1
Project("{2150E333-8FDC-42A3-9474-1A3956D46DE8}") = "src", "src", "{7C5A2758-2180-48D7-9F1C-5B548451169F}"
EndProject
Project("{2150E333-8FDC-42A3-9474-1A3956D46DE8}") = "Domain", "Domain", "{DCDFB2FA-4EE2-4128-9320-E3AC00A27AE5}"
EndProject
Project("{2150E333-8FDC-42A3-9474-1A3956D46DE8}") = "Application", "Application", "{58765F60-4953-48D7-B59B-AD6679BF3A3B}"
EndProject
Project("{2150E333-8FDC-42A3-9474-1A3956D46DE8}") = "Infrastructure", "Infrastructure", "{2ACAAD9C-B1F0-4422-9483-BE0B84D55D7A}"
EndProject
Project("{2150E333-8FDC-42A3-9474-1A3956D46DE8}") = "Presentation", "Presentation", "{F15505FB-74A2-4ACA-94A6-6CF67879E386}"
EndProject
Project("{9A19103F-16F7-4668-BE54-9A1E7A4F7556}") = "OnlineShop.Domain.Core", "src\Domain\OnlineShop.Domain.Core\OnlineShop.Domain.Core.csproj", "{685370EA-7BD6-4827-BA98-BC97D6E39EFF}"
EndProject
Project("{9A19103F-16F7-4668-BE54-9A1E7A4F7556}") = "OnlineShop.Domain", "src\Domain\OnlineShop.Domain\OnlineShop.Domain.csproj", "{BD2FB903-1FC0-46E2-8AC5-5E3C2B7472FE}"
EndProject
Project("{9A19103F-16F7-4668-BE54-9A1E7A4F7556}") = "OnlineShop.Infrastructure", "src\Infrastructure\OnlineShop.Infrastructure\OnlineShop.Infrastructure.csproj", "{8FCC5447-5624-481B-87A6-ED75E7327B63}"
EndProject
Project("{9A19103F-16F7-4668-BE54-9A1E7A4F7556}") = "OnlineShop.Application.Core", "src\Application\OnlineShop.Application.Core\OnlineShop.Application.Core.csproj", "{EF7F3E88-3540-49C3-A82C-AB67A6D119C6}"
EndProject
Project("{9A19103F-16F7-4668-BE54-9A1E7A4F7556}") = "OnlineShop.Application", "src\Application\OnlineShop.Application\OnlineShop.Application.csproj", "{14D1A529-0050-462A-9088-A53E022CCC0D}"
EndProject
Project("{9A19103F-16F7-4668-BE54-9A1E7A4F7556}") = "OnlineShop.Data.Core", "src\Application\OnlineShop.Data.Core\OnlineShop.Data.Core.csproj", "{9555B6CE-17AC-4E4E-971C-2059D9BBDC53}"
EndProject
Project("{2150E333-8FDC-42A3-9474-1A3956D46DE8}") = "Common", "Common", "{7D320585-F6D5-4DC9-B636-EA006F44AD3C}"
EndProject
Project("{9A19103F-16F7-4668-BE54-9A1E7A4F7556}") = "OnlineShop.Common", "src\Common\OnlineShop.Common\OnlineShop.Common.csproj", "{7A6D77CF-7F0A-418B-9F1B-C7525EB961CE}"
EndProject
Project("{FAE04EC0-301F-11D3-BF4B-00C04F79EFBC}") = "OnlineShop.Api", "src\Presentation\OnlineShop.Api\OnlineShop.Api.csproj", "{C814E70C-AB1F-45E2-853F-751D8A15F1C2}"
EndProject
Global
	GlobalSection(SolutionConfigurationPlatforms) = preSolution
		Debug|Any CPU = Debug|Any CPU
		Release|Any CPU = Release|Any CPU
	EndGlobalSection
	GlobalSection(ProjectConfigurationPlatforms) = postSolution
		{685370EA-7BD6-4827-BA98-BC97D6E39EFF}.Debug|Any CPU.ActiveCfg = Debug|Any CPU
		{685370EA-7BD6-4827-BA98-BC97D6E39EFF}.Debug|Any CPU.Build.0 = Debug|Any CPU
		{685370EA-7BD6-4827-BA98-BC97D6E39EFF}.Release|Any CPU.ActiveCfg = Release|Any CPU
		{685370EA-7BD6-4827-BA98-BC97D6E39EFF}.Release|Any CPU.Build.0 = Release|Any CPU
		{BD2FB903-1FC0-46E2-8AC5-5E3C2B7472FE}.Debug|Any CPU.ActiveCfg = Debug|Any CPU
		{BD2FB903-1FC0-46E2-8AC5-5E3C2B7472FE}.Debug|Any CPU.Build.0 = Debug|Any CPU
		{BD2FB903-1FC0-46E2-8AC5-5E3C2B7472FE}.Release|Any CPU.ActiveCfg = Release|Any CPU
		{BD2FB903-1FC0-46E2-8AC5-5E3C2B7472FE}.Release|Any CPU.Build.0 = Release|Any CPU
		{8FCC5447-5624-481B-87A6-ED75E7327B63}.Debug|Any CPU.ActiveCfg = Debug|Any CPU
		{8FCC5447-5624-481B-87A6-ED75E7327B63}.Debug|Any CPU.Build.0 = Debug|Any CPU
		{8FCC5447-5624-481B-87A6-ED75E7327B63}.Release|Any CPU.ActiveCfg = Release|Any CPU
		{8FCC5447-5624-481B-87A6-ED75E7327B63}.Release|Any CPU.Build.0 = Release|Any CPU
		{EF7F3E88-3540-49C3-A82C-AB67A6D119C6}.Debug|Any CPU.ActiveCfg = Debug|Any CPU
		{EF7F3E88-3540-49C3-A82C-AB67A6D119C6}.Debug|Any CPU.Build.0 = Debug|Any CPU
		{EF7F3E88-3540-49C3-A82C-AB67A6D119C6}.Release|Any CPU.ActiveCfg = Release|Any CPU
		{EF7F3E88-3540-49C3-A82C-AB67A6D119C6}.Release|Any CPU.Build.0 = Release|Any CPU
		{14D1A529-0050-462A-9088-A53E022CCC0D}.Debug|Any CPU.ActiveCfg = Debug|Any CPU
		{14D1A529-0050-462A-9088-A53E022CCC0D}.Debug|Any CPU.Build.0 = Debug|Any CPU
		{14D1A529-0050-462A-9088-A53E022CCC0D}.Release|Any CPU.ActiveCfg = Release|Any CPU
		{14D1A529-0050-462A-9088-A53E022CCC0D}.Release|Any CPU.Build.0 = Release|Any CPU
		{9555B6CE-17AC-4E4E-971C-2059D9BBDC53}.Debug|Any CPU.ActiveCfg = Debug|Any CPU
		{9555B6CE-17AC-4E4E-971C-2059D9BBDC53}.Debug|Any CPU.Build.0 = Debug|Any CPU
		{9555B6CE-17AC-4E4E-971C-2059D9BBDC53}.Release|Any CPU.ActiveCfg = Release|Any CPU
		{9555B6CE-17AC-4E4E-971C-2059D9BBDC53}.Release|Any CPU.Build.0 = Release|Any CPU
		{7A6D77CF-7F0A-418B-9F1B-C7525EB961CE}.Debug|Any CPU.ActiveCfg = Debug|Any CPU
		{7A6D77CF-7F0A-418B-9F1B-C7525EB961CE}.Debug|Any CPU.Build.0 = Debug|Any CPU
		{7A6D77CF-7F0A-418B-9F1B-C7525EB961CE}.Release|Any CPU.ActiveCfg = Release|Any CPU
		{7A6D77CF-7F0A-418B-9F1B-C7525EB961CE}.Release|Any CPU.Build.0 = Release|Any CPU
		{C814E70C-AB1F-45E2-853F-751D8A15F1C2}.Debug|Any CPU.ActiveCfg = Debug|Any CPU
		{C814E70C-AB1F-45E2-853F-751D8A15F1C2}.Debug|Any CPU.Build.0 = Debug|Any CPU
		{C814E70C-AB1F-45E2-853F-751D8A15F1C2}.Release|Any CPU.ActiveCfg = Release|Any CPU
		{C814E70C-AB1F-45E2-853F-751D8A15F1C2}.Release|Any CPU.Build.0 = Release|Any CPU
	EndGlobalSection
	GlobalSection(SolutionProperties) = preSolution
		HideSolutionNode = FALSE
	EndGlobalSection
	GlobalSection(NestedProjects) = preSolution
		{DCDFB2FA-4EE2-4128-9320-E3AC00A27AE5} = {7C5A2758-2180-48D7-9F1C-5B548451169F}
		{58765F60-4953-48D7-B59B-AD6679BF3A3B} = {7C5A2758-2180-48D7-9F1C-5B548451169F}
		{2ACAAD9C-B1F0-4422-9483-BE0B84D55D7A} = {7C5A2758-2180-48D7-9F1C-5B548451169F}
		{F15505FB-74A2-4ACA-94A6-6CF67879E386} = {7C5A2758-2180-48D7-9F1C-5B548451169F}
		{685370EA-7BD6-4827-BA98-BC97D6E39EFF} = {DCDFB2FA-4EE2-4128-9320-E3AC00A27AE5}
		{BD2FB903-1FC0-46E2-8AC5-5E3C2B7472FE} = {DCDFB2FA-4EE2-4128-9320-E3AC00A27AE5}
		{8FCC5447-5624-481B-87A6-ED75E7327B63} = {2ACAAD9C-B1F0-4422-9483-BE0B84D55D7A}
		{EF7F3E88-3540-49C3-A82C-AB67A6D119C6} = {58765F60-4953-48D7-B59B-AD6679BF3A3B}
		{14D1A529-0050-462A-9088-A53E022CCC0D} = {58765F60-4953-48D7-B59B-AD6679BF3A3B}
		{9555B6CE-17AC-4E4E-971C-2059D9BBDC53} = {58765F60-4953-48D7-B59B-AD6679BF3A3B}
		{7D320585-F6D5-4DC9-B636-EA006F44AD3C} = {7C5A2758-2180-48D7-9F1C-5B548451169F}
		{7A6D77CF-7F0A-418B-9F1B-C7525EB961CE} = {7D320585-F6D5-4DC9-B636-EA006F44AD3C}
		{C814E70C-AB1F-45E2-853F-751D8A15F1C2} = {F15505FB-74A2-4ACA-94A6-6CF67879E386}
	EndGlobalSection
	GlobalSection(ExtensibilityGlobals) = postSolution
		SolutionGuid = {4D71A2CB-B700-490C-8543-124AC09CCC66}
	EndGlobalSection
EndGlobal
